
Microsoft Visual Studio Solution File, Format Version 12.00
# Visual Studio 15
VisualStudioVersion = 15.0.28307.329
MinimumVisualStudioVersion = 10.0.40219.1
Project("{8BC9CEB8-8B4A-11D0-8D11-00A0C91BC942}") = "B1006", "B1006\B1006.vcxproj", "{EAD15FED-E254-478A-87E6-142E159872FD}"
EndProject
Global
	GlobalSection(SolutionConfigurationPlatforms) = preSolution
		Debug|x64 = Debug|x64
		Debug|x86 = Debug|x86
		Release|x64 = Release|x64
		Release|x86 = Release|x86
	EndGlobalSection
	GlobalSection(ProjectConfigurationPlatforms) = postSolution
		{EAD15FED-E254-478A-87E6-142E159872FD}.Debug|x64.ActiveCfg = Debug|x64
		{EAD15FED-E254-478A-87E6-142E159872FD}.Debug|x64.Build.0 = Debug|x64
		{EAD15FED-E254-478A-87E6-142E159872FD}.Debug|x86.ActiveCfg = Debug|Win32
		{EAD15FED-E254-478A-87E6-142E159872FD}.Debug|x86.Build.0 = Debug|Win32
		{EAD15FED-E254-478A-87E6-142E159872FD}.Release|x64.ActiveCfg = Release|x64
		{EAD15FED-E254-478A-87E6-142E159872FD}.Release|x64.Build.0 = Release|x64
		{EAD15FED-E254-478A-87E6-142E159872FD}.Release|x86.ActiveCfg = Release|Win32
		{EAD15FED-E254-478A-87E6-142E159872FD}.Release|x86.Build.0 = Release|Win32
	EndGlobalSection
	GlobalSection(SolutionProperties) = preSolution
		HideSolutionNode = FALSE
	EndGlobalSection
	GlobalSection(ExtensibilityGlobals) = postSolution
		SolutionGuid = {43BDA165-BDE3-41E0-A48F-510251876ED3}
	EndGlobalSection
EndGlobal
