
Microsoft Visual Studio Solution File, Format Version 12.00
# Visual Studio 15
VisualStudioVersion = 15.0.28307.329
MinimumVisualStudioVersion = 10.0.40219.1
Project("{8BC9CEB8-8B4A-11D0-8D11-00A0C91BC942}") = "A1069", "A1069\A1069.vcxproj", "{178300FD-849F-4895-81C3-96B121BA317B}"
EndProject
Global
	GlobalSection(SolutionConfigurationPlatforms) = preSolution
		Debug|x64 = Debug|x64
		Debug|x86 = Debug|x86
		Release|x64 = Release|x64
		Release|x86 = Release|x86
	EndGlobalSection
	GlobalSection(ProjectConfigurationPlatforms) = postSolution
		{178300FD-849F-4895-81C3-96B121BA317B}.Debug|x64.ActiveCfg = Debug|x64
		{178300FD-849F-4895-81C3-96B121BA317B}.Debug|x64.Build.0 = Debug|x64
		{178300FD-849F-4895-81C3-96B121BA317B}.Debug|x86.ActiveCfg = Debug|Win32
		{178300FD-849F-4895-81C3-96B121BA317B}.Debug|x86.Build.0 = Debug|Win32
		{178300FD-849F-4895-81C3-96B121BA317B}.Release|x64.ActiveCfg = Release|x64
		{178300FD-849F-4895-81C3-96B121BA317B}.Release|x64.Build.0 = Release|x64
		{178300FD-849F-4895-81C3-96B121BA317B}.Release|x86.ActiveCfg = Release|Win32
		{178300FD-849F-4895-81C3-96B121BA317B}.Release|x86.Build.0 = Release|Win32
	EndGlobalSection
	GlobalSection(SolutionProperties) = preSolution
		HideSolutionNode = FALSE
	EndGlobalSection
	GlobalSection(ExtensibilityGlobals) = postSolution
		SolutionGuid = {4BF88AE9-DAF1-482C-84E3-9F904A6452D3}
	EndGlobalSection
EndGlobal
