
Microsoft Visual Studio Solution File, Format Version 12.00
# Visual Studio 15
VisualStudioVersion = 15.0.28307.329
MinimumVisualStudioVersion = 10.0.40219.1
Project("{8BC9CEB8-8B4A-11D0-8D11-00A0C91BC942}") = "A1080", "A1080\A1080.vcxproj", "{58BAE3F9-C040-4DD3-A970-071BB993A70E}"
EndProject
Global
	GlobalSection(SolutionConfigurationPlatforms) = preSolution
		Debug|x64 = Debug|x64
		Debug|x86 = Debug|x86
		Release|x64 = Release|x64
		Release|x86 = Release|x86
	EndGlobalSection
	GlobalSection(ProjectConfigurationPlatforms) = postSolution
		{58BAE3F9-C040-4DD3-A970-071BB993A70E}.Debug|x64.ActiveCfg = Debug|x64
		{58BAE3F9-C040-4DD3-A970-071BB993A70E}.Debug|x64.Build.0 = Debug|x64
		{58BAE3F9-C040-4DD3-A970-071BB993A70E}.Debug|x86.ActiveCfg = Debug|Win32
		{58BAE3F9-C040-4DD3-A970-071BB993A70E}.Debug|x86.Build.0 = Debug|Win32
		{58BAE3F9-C040-4DD3-A970-071BB993A70E}.Release|x64.ActiveCfg = Release|x64
		{58BAE3F9-C040-4DD3-A970-071BB993A70E}.Release|x64.Build.0 = Release|x64
		{58BAE3F9-C040-4DD3-A970-071BB993A70E}.Release|x86.ActiveCfg = Release|Win32
		{58BAE3F9-C040-4DD3-A970-071BB993A70E}.Release|x86.Build.0 = Release|Win32
	EndGlobalSection
	GlobalSection(SolutionProperties) = preSolution
		HideSolutionNode = FALSE
	EndGlobalSection
	GlobalSection(ExtensibilityGlobals) = postSolution
		SolutionGuid = {907B1782-7787-47A1-B122-5023FDCC29C7}
	EndGlobalSection
EndGlobal
