
Microsoft Visual Studio Solution File, Format Version 12.00
# Visual Studio 15
VisualStudioVersion = 15.0.28307.329
MinimumVisualStudioVersion = 10.0.40219.1
Project("{8BC9CEB8-8B4A-11D0-8D11-00A0C91BC942}") = "A1077", "A1077\A1077.vcxproj", "{B0B2AF2F-8D35-4F8F-94A8-11B0270EE634}"
EndProject
Global
	GlobalSection(SolutionConfigurationPlatforms) = preSolution
		Debug|x64 = Debug|x64
		Debug|x86 = Debug|x86
		Release|x64 = Release|x64
		Release|x86 = Release|x86
	EndGlobalSection
	GlobalSection(ProjectConfigurationPlatforms) = postSolution
		{B0B2AF2F-8D35-4F8F-94A8-11B0270EE634}.Debug|x64.ActiveCfg = Debug|x64
		{B0B2AF2F-8D35-4F8F-94A8-11B0270EE634}.Debug|x64.Build.0 = Debug|x64
		{B0B2AF2F-8D35-4F8F-94A8-11B0270EE634}.Debug|x86.ActiveCfg = Debug|Win32
		{B0B2AF2F-8D35-4F8F-94A8-11B0270EE634}.Debug|x86.Build.0 = Debug|Win32
		{B0B2AF2F-8D35-4F8F-94A8-11B0270EE634}.Release|x64.ActiveCfg = Release|x64
		{B0B2AF2F-8D35-4F8F-94A8-11B0270EE634}.Release|x64.Build.0 = Release|x64
		{B0B2AF2F-8D35-4F8F-94A8-11B0270EE634}.Release|x86.ActiveCfg = Release|Win32
		{B0B2AF2F-8D35-4F8F-94A8-11B0270EE634}.Release|x86.Build.0 = Release|Win32
	EndGlobalSection
	GlobalSection(SolutionProperties) = preSolution
		HideSolutionNode = FALSE
	EndGlobalSection
	GlobalSection(ExtensibilityGlobals) = postSolution
		SolutionGuid = {00AE338C-F792-40AC-89D9-3951BE2718C7}
	EndGlobalSection
EndGlobal
