
Microsoft Visual Studio Solution File, Format Version 12.00
# Visual Studio 15
VisualStudioVersion = 15.0.28307.329
MinimumVisualStudioVersion = 10.0.40219.1
Project("{8BC9CEB8-8B4A-11D0-8D11-00A0C91BC942}") = "A1046", "A1046\A1046.vcxproj", "{CA7B8653-2D2B-4FB5-A3C9-8F83FA97B6E9}"
EndProject
Global
	GlobalSection(SolutionConfigurationPlatforms) = preSolution
		Debug|x64 = Debug|x64
		Debug|x86 = Debug|x86
		Release|x64 = Release|x64
		Release|x86 = Release|x86
	EndGlobalSection
	GlobalSection(ProjectConfigurationPlatforms) = postSolution
		{CA7B8653-2D2B-4FB5-A3C9-8F83FA97B6E9}.Debug|x64.ActiveCfg = Debug|x64
		{CA7B8653-2D2B-4FB5-A3C9-8F83FA97B6E9}.Debug|x64.Build.0 = Debug|x64
		{CA7B8653-2D2B-4FB5-A3C9-8F83FA97B6E9}.Debug|x86.ActiveCfg = Debug|Win32
		{CA7B8653-2D2B-4FB5-A3C9-8F83FA97B6E9}.Debug|x86.Build.0 = Debug|Win32
		{CA7B8653-2D2B-4FB5-A3C9-8F83FA97B6E9}.Release|x64.ActiveCfg = Release|x64
		{CA7B8653-2D2B-4FB5-A3C9-8F83FA97B6E9}.Release|x64.Build.0 = Release|x64
		{CA7B8653-2D2B-4FB5-A3C9-8F83FA97B6E9}.Release|x86.ActiveCfg = Release|Win32
		{CA7B8653-2D2B-4FB5-A3C9-8F83FA97B6E9}.Release|x86.Build.0 = Release|Win32
	EndGlobalSection
	GlobalSection(SolutionProperties) = preSolution
		HideSolutionNode = FALSE
	EndGlobalSection
	GlobalSection(ExtensibilityGlobals) = postSolution
		SolutionGuid = {A37DB12C-7583-4B56-816D-DD4E9BE7870C}
	EndGlobalSection
EndGlobal
