
Microsoft Visual Studio Solution File, Format Version 12.00
# Visual Studio 15
VisualStudioVersion = 15.0.28307.329
MinimumVisualStudioVersion = 10.0.40219.1
Project("{8BC9CEB8-8B4A-11D0-8D11-00A0C91BC942}") = "B1008", "B1008\B1008.vcxproj", "{7FC7EDE6-42EA-4C05-A4F0-4E63E1C1E1C8}"
EndProject
Global
	GlobalSection(SolutionConfigurationPlatforms) = preSolution
		Debug|x64 = Debug|x64
		Debug|x86 = Debug|x86
		Release|x64 = Release|x64
		Release|x86 = Release|x86
	EndGlobalSection
	GlobalSection(ProjectConfigurationPlatforms) = postSolution
		{7FC7EDE6-42EA-4C05-A4F0-4E63E1C1E1C8}.Debug|x64.ActiveCfg = Debug|x64
		{7FC7EDE6-42EA-4C05-A4F0-4E63E1C1E1C8}.Debug|x64.Build.0 = Debug|x64
		{7FC7EDE6-42EA-4C05-A4F0-4E63E1C1E1C8}.Debug|x86.ActiveCfg = Debug|Win32
		{7FC7EDE6-42EA-4C05-A4F0-4E63E1C1E1C8}.Debug|x86.Build.0 = Debug|Win32
		{7FC7EDE6-42EA-4C05-A4F0-4E63E1C1E1C8}.Release|x64.ActiveCfg = Release|x64
		{7FC7EDE6-42EA-4C05-A4F0-4E63E1C1E1C8}.Release|x64.Build.0 = Release|x64
		{7FC7EDE6-42EA-4C05-A4F0-4E63E1C1E1C8}.Release|x86.ActiveCfg = Release|Win32
		{7FC7EDE6-42EA-4C05-A4F0-4E63E1C1E1C8}.Release|x86.Build.0 = Release|Win32
	EndGlobalSection
	GlobalSection(SolutionProperties) = preSolution
		HideSolutionNode = FALSE
	EndGlobalSection
	GlobalSection(ExtensibilityGlobals) = postSolution
		SolutionGuid = {46AA9DED-2DAE-4432-90FE-32216826E0B4}
	EndGlobalSection
EndGlobal
