
Microsoft Visual Studio Solution File, Format Version 12.00
# Visual Studio 15
VisualStudioVersion = 15.0.28307.329
MinimumVisualStudioVersion = 10.0.40219.1
Project("{8BC9CEB8-8B4A-11D0-8D11-00A0C91BC942}") = "A1104", "A1104\A1104.vcxproj", "{9808DCC9-B3FD-4002-808A-709E294179DA}"
EndProject
Global
	GlobalSection(SolutionConfigurationPlatforms) = preSolution
		Debug|x64 = Debug|x64
		Debug|x86 = Debug|x86
		Release|x64 = Release|x64
		Release|x86 = Release|x86
	EndGlobalSection
	GlobalSection(ProjectConfigurationPlatforms) = postSolution
		{9808DCC9-B3FD-4002-808A-709E294179DA}.Debug|x64.ActiveCfg = Debug|x64
		{9808DCC9-B3FD-4002-808A-709E294179DA}.Debug|x64.Build.0 = Debug|x64
		{9808DCC9-B3FD-4002-808A-709E294179DA}.Debug|x86.ActiveCfg = Debug|Win32
		{9808DCC9-B3FD-4002-808A-709E294179DA}.Debug|x86.Build.0 = Debug|Win32
		{9808DCC9-B3FD-4002-808A-709E294179DA}.Release|x64.ActiveCfg = Release|x64
		{9808DCC9-B3FD-4002-808A-709E294179DA}.Release|x64.Build.0 = Release|x64
		{9808DCC9-B3FD-4002-808A-709E294179DA}.Release|x86.ActiveCfg = Release|Win32
		{9808DCC9-B3FD-4002-808A-709E294179DA}.Release|x86.Build.0 = Release|Win32
	EndGlobalSection
	GlobalSection(SolutionProperties) = preSolution
		HideSolutionNode = FALSE
	EndGlobalSection
	GlobalSection(ExtensibilityGlobals) = postSolution
		SolutionGuid = {9B554B81-E88C-4FAF-B278-04B1E60E515A}
	EndGlobalSection
EndGlobal
